// !$*UTF8*$!
{
	archiveVersion = 1;
	classes = {
	};
	objectVersion = 46;
	objects = {

/* Begin PBXBuildFile section */
		2DA33D3E15E9077A0031F9C0 /* UIKit.framework in Frameworks */ = {isa = PBXBuildFile; fileRef = 2DA33D3D15E9077A0031F9C0 /* UIKit.framework */; };
		2DA33D4015E9077A0031F9C0 /* Foundation.framework in Frameworks */ = {isa = PBXBuildFile; fileRef = 2DA33D3F15E9077A0031F9C0 /* Foundation.framework */; };
		2DA33D4215E9077A0031F9C0 /* CoreGraphics.framework in Frameworks */ = {isa = PBXBuildFile; fileRef = 2DA33D4115E9077A0031F9C0 /* CoreGraphics.framework */; };
		2DA33D4815E9077A0031F9C0 /* InfoPlist.strings in Resources */ = {isa = PBXBuildFile; fileRef = 2DA33D4615E9077A0031F9C0 /* InfoPlist.strings */; };
		2DA33D4A15E9077A0031F9C0 /* main.m in Sources */ = {isa = PBXBuildFile; fileRef = 2DA33D4915E9077A0031F9C0 /* main.m */; };
		2DA33D4E15E9077A0031F9C0 /* AppDelegate.m in Sources */ = {isa = PBXBuildFile; fileRef = 2DA33D4D15E9077A0031F9C0 /* AppDelegate.m */; };
		2DA33D5115E9077A0031F9C0 /* MainStoryboard.storyboard in Resources */ = {isa = PBXBuildFile; fileRef = 2DA33D4F15E9077A0031F9C0 /* MainStoryboard.storyboard */; };
		2DA33D5415E9077A0031F9C0 /* ViewController.m in Sources */ = {isa = PBXBuildFile; fileRef = 2DA33D5315E9077A0031F9C0 /* ViewController.m */; };
		983043F315E94253001CAD00 /* Event.m in Sources */ = {isa = PBXBuildFile; fileRef = 983043F215E94253001CAD00 /* Event.m */; };
		983043F715E9448F001CAD00 /* LoggingInViewController.m in Sources */ = {isa = PBXBuildFile; fileRef = 983043F615E9448F001CAD00 /* LoggingInViewController.m */; };
		986B560215E9162800BE9603 /* Storyboard_iPad.storyboard in Resources */ = {isa = PBXBuildFile; fileRef = 986B560115E9162800BE9603 /* Storyboard_iPad.storyboard */; };
		986B560915E9210100BE9603 /* background.png in Resources */ = {isa = PBXBuildFile; fileRef = 986B560515E9210100BE9603 /* background.png */; };
		986B560A15E9210100BE9603 /* background@2x.png in Resources */ = {isa = PBXBuildFile; fileRef = 986B560615E9210100BE9603 /* background@2x.png */; };
		986B560B15E9210100BE9603 /* button_separator.png in Resources */ = {isa = PBXBuildFile; fileRef = 986B560715E9210100BE9603 /* button_separator.png */; };
		986B560C15E9210100BE9603 /* button_separator@2x.png in Resources */ = {isa = PBXBuildFile; fileRef = 986B560815E9210100BE9603 /* button_separator@2x.png */; };
		986B561B15E9219100BE9603 /* cogs_highlighted.png in Resources */ = {isa = PBXBuildFile; fileRef = 986B560D15E9219100BE9603 /* cogs_highlighted.png */; };
		986B561C15E9219100BE9603 /* cogs_highlighted@2x.png in Resources */ = {isa = PBXBuildFile; fileRef = 986B560E15E9219100BE9603 /* cogs_highlighted@2x.png */; };
		986B561D15E9219100BE9603 /* cogs.png in Resources */ = {isa = PBXBuildFile; fileRef = 986B560F15E9219100BE9603 /* cogs.png */; };
		986B561E15E9219100BE9603 /* cogs@2x.png in Resources */ = {isa = PBXBuildFile; fileRef = 986B561015E9219100BE9603 /* cogs@2x.png */; };
		986B561F15E9219100BE9603 /* heart_highlighted.png in Resources */ = {isa = PBXBuildFile; fileRef = 986B561115E9219100BE9603 /* heart_highlighted.png */; };
		986B562015E9219100BE9603 /* heart_highlighted@2x.png in Resources */ = {isa = PBXBuildFile; fileRef = 986B561215E9219100BE9603 /* heart_highlighted@2x.png */; };
		986B562115E9219100BE9603 /* heart.png in Resources */ = {isa = PBXBuildFile; fileRef = 986B561315E9219100BE9603 /* heart.png */; };
		986B562215E9219100BE9603 /* heart@2x.png in Resources */ = {isa = PBXBuildFile; fileRef = 986B561415E9219100BE9603 /* heart@2x.png */; };
		986B562315E9219100BE9603 /* home_highlighted.png in Resources */ = {isa = PBXBuildFile; fileRef = 986B561515E9219100BE9603 /* home_highlighted.png */; };
		986B562415E9219100BE9603 /* home_highlighted@2x.png in Resources */ = {isa = PBXBuildFile; fileRef = 986B561615E9219100BE9603 /* home_highlighted@2x.png */; };
		986B562515E9219100BE9603 /* home.png in Resources */ = {isa = PBXBuildFile; fileRef = 986B561715E9219100BE9603 /* home.png */; };
		986B562615E9219100BE9603 /* home@2x.png in Resources */ = {isa = PBXBuildFile; fileRef = 986B561815E9219100BE9603 /* home@2x.png */; };
		986B562715E9219100BE9603 /* selected_arrow.png in Resources */ = {isa = PBXBuildFile; fileRef = 986B561915E9219100BE9603 /* selected_arrow.png */; };
		986B562815E9219100BE9603 /* selected_arrow@2x.png in Resources */ = {isa = PBXBuildFile; fileRef = 986B561A15E9219100BE9603 /* selected_arrow@2x.png */; };
		986B566F15E9326A00BE9603 /* RotatingSegue.m in Sources */ = {isa = PBXBuildFile; fileRef = 986B566E15E9326900BE9603 /* RotatingSegue.m */; };
		986B567115E932F900BE9603 /* QuartzCore.framework in Frameworks */ = {isa = PBXBuildFile; fileRef = 986B567015E932F900BE9603 /* QuartzCore.framework */; };
		986B56AD15E9355500BE9603 /* MasterViewController.m in Sources */ = {isa = PBXBuildFile; fileRef = 986B56AA15E9355400BE9603 /* MasterViewController.m */; };
		986B56AE15E9355500BE9603 /* DetailViewController.m in Sources */ = {isa = PBXBuildFile; fileRef = 986B56AC15E9355400BE9603 /* DetailViewController.m */; };
		986B56B115E9364E00BE9603 /* Model.xcdatamodeld in Sources */ = {isa = PBXBuildFile; fileRef = 986B56AF15E9364E00BE9603 /* Model.xcdatamodeld */; };
		986B56B315E9367100BE9603 /* CoreData.framework in Frameworks */ = {isa = PBXBuildFile; fileRef = 986B56B215E9367100BE9603 /* CoreData.framework */; };
		986B56BB15E93FA900BE9603 /* LoginViewController.m in Sources */ = {isa = PBXBuildFile; fileRef = 986B56BA15E93FA800BE9603 /* LoginViewController.m */; };
		9873036715E95EC500B33989 /* profilepic-Matt.png in Resources */ = {isa = PBXBuildFile; fileRef = 9873036515E95EC500B33989 /* profilepic-Matt.png */; };
		9873036815E95EC500B33989 /* profilepic-Mike.png in Resources */ = {isa = PBXBuildFile; fileRef = 9873036615E95EC500B33989 /* profilepic-Mike.png */; };
		9873037215E95ECE00B33989 /* signin-button.png in Resources */ = {isa = PBXBuildFile; fileRef = 9873036A15E95ECE00B33989 /* signin-button.png */; };
		9873037315E95ECE00B33989 /* signin-button-pressed.png in Resources */ = {isa = PBXBuildFile; fileRef = 9873036B15E95ECE00B33989 /* signin-button-pressed.png */; };
		9873037515E95ECE00B33989 /* dark-row.png in Resources */ = {isa = PBXBuildFile; fileRef = 9873036D15E95ECE00B33989 /* dark-row.png */; };
		9873037615E95ECE00B33989 /* dark-row-pressed.png in Resources */ = {isa = PBXBuildFile; fileRef = 9873036E15E95ECE00B33989 /* dark-row-pressed.png */; };
		9873037715E95ECE00B33989 /* barterbee-bg.png in Resources */ = {isa = PBXBuildFile; fileRef = 9873036F15E95ECE00B33989 /* barterbee-bg.png */; };
		9873037815E95ECE00B33989 /* logo-small.png in Resources */ = {isa = PBXBuildFile; fileRef = 9873037015E95ECE00B33989 /* logo-small.png */; };
		9873037915E95ECE00B33989 /* logo-large.png in Resources */ = {isa = PBXBuildFile; fileRef = 9873037115E95ECE00B33989 /* logo-large.png */; };
/* End PBXBuildFile section */

/* Begin PBXFileReference section */
		2DA33D3915E9077A0031F9C0 /* Team02.app */ = {isa = PBXFileReference; explicitFileType = wrapper.application; includeInIndex = 0; path = Team02.app; sourceTree = BUILT_PRODUCTS_DIR; };
		2DA33D3D15E9077A0031F9C0 /* UIKit.framework */ = {isa = PBXFileReference; lastKnownFileType = wrapper.framework; name = UIKit.framework; path = System/Library/Frameworks/UIKit.framework; sourceTree = SDKROOT; };
		2DA33D3F15E9077A0031F9C0 /* Foundation.framework */ = {isa = PBXFileReference; lastKnownFileType = wrapper.framework; name = Foundation.framework; path = System/Library/Frameworks/Foundation.framework; sourceTree = SDKROOT; };
		2DA33D4115E9077A0031F9C0 /* CoreGraphics.framework */ = {isa = PBXFileReference; lastKnownFileType = wrapper.framework; name = CoreGraphics.framework; path = System/Library/Frameworks/CoreGraphics.framework; sourceTree = SDKROOT; };
		2DA33D4515E9077A0031F9C0 /* Team02-Info.plist */ = {isa = PBXFileReference; lastKnownFileType = text.plist.xml; path = "Team02-Info.plist"; sourceTree = "<group>"; };
		2DA33D4715E9077A0031F9C0 /* en */ = {isa = PBXFileReference; lastKnownFileType = text.plist.strings; name = en; path = en.lproj/InfoPlist.strings; sourceTree = "<group>"; };
		2DA33D4915E9077A0031F9C0 /* main.m */ = {isa = PBXFileReference; lastKnownFileType = sourcecode.c.objc; path = main.m; sourceTree = "<group>"; };
		2DA33D4B15E9077A0031F9C0 /* Team02-Prefix.pch */ = {isa = PBXFileReference; lastKnownFileType = sourcecode.c.h; path = "Team02-Prefix.pch"; sourceTree = "<group>"; };
		2DA33D4C15E9077A0031F9C0 /* AppDelegate.h */ = {isa = PBXFileReference; lastKnownFileType = sourcecode.c.h; path = AppDelegate.h; sourceTree = "<group>"; };
		2DA33D4D15E9077A0031F9C0 /* AppDelegate.m */ = {isa = PBXFileReference; lastKnownFileType = sourcecode.c.objc; path = AppDelegate.m; sourceTree = "<group>"; };
		2DA33D5015E9077A0031F9C0 /* en */ = {isa = PBXFileReference; lastKnownFileType = file.storyboard; name = en; path = en.lproj/MainStoryboard.storyboard; sourceTree = "<group>"; };
		2DA33D5215E9077A0031F9C0 /* ViewController.h */ = {isa = PBXFileReference; lastKnownFileType = sourcecode.c.h; path = ViewController.h; sourceTree = "<group>"; };
		2DA33D5315E9077A0031F9C0 /* ViewController.m */ = {isa = PBXFileReference; lastKnownFileType = sourcecode.c.objc; path = ViewController.m; sourceTree = "<group>"; };
		983043F115E94253001CAD00 /* Event.h */ = {isa = PBXFileReference; fileEncoding = 4; lastKnownFileType = sourcecode.c.h; path = Event.h; sourceTree = "<group>"; };
		983043F215E94253001CAD00 /* Event.m */ = {isa = PBXFileReference; fileEncoding = 4; lastKnownFileType = sourcecode.c.objc; path = Event.m; sourceTree = "<group>"; };
		983043F515E9448F001CAD00 /* LoggingInViewController.h */ = {isa = PBXFileReference; fileEncoding = 4; lastKnownFileType = sourcecode.c.h; path = LoggingInViewController.h; sourceTree = "<group>"; };
		983043F615E9448F001CAD00 /* LoggingInViewController.m */ = {isa = PBXFileReference; fileEncoding = 4; lastKnownFileType = sourcecode.c.objc; path = LoggingInViewController.m; sourceTree = "<group>"; };
		986B560115E9162800BE9603 /* Storyboard_iPad.storyboard */ = {isa = PBXFileReference; fileEncoding = 4; lastKnownFileType = file.storyboard; path = Storyboard_iPad.storyboard; sourceTree = "<group>"; };
		986B560515E9210100BE9603 /* background.png */ = {isa = PBXFileReference; lastKnownFileType = image.png; path = background.png; sourceTree = "<group>"; };
		986B560615E9210100BE9603 /* background@2x.png */ = {isa = PBXFileReference; lastKnownFileType = image.png; path = "background@2x.png"; sourceTree = "<group>"; };
		986B560715E9210100BE9603 /* button_separator.png */ = {isa = PBXFileReference; lastKnownFileType = image.png; path = button_separator.png; sourceTree = "<group>"; };
		986B560815E9210100BE9603 /* button_separator@2x.png */ = {isa = PBXFileReference; lastKnownFileType = image.png; path = "button_separator@2x.png"; sourceTree = "<group>"; };
		986B560D15E9219100BE9603 /* cogs_highlighted.png */ = {isa = PBXFileReference; lastKnownFileType = image.png; path = cogs_highlighted.png; sourceTree = "<group>"; };
		986B560E15E9219100BE9603 /* cogs_highlighted@2x.png */ = {isa = PBXFileReference; lastKnownFileType = image.png; path = "cogs_highlighted@2x.png"; sourceTree = "<group>"; };
		986B560F15E9219100BE9603 /* cogs.png */ = {isa = PBXFileReference; lastKnownFileType = image.png; path = cogs.png; sourceTree = "<group>"; };
		986B561015E9219100BE9603 /* cogs@2x.png */ = {isa = PBXFileReference; lastKnownFileType = image.png; path = "cogs@2x.png"; sourceTree = "<group>"; };
		986B561115E9219100BE9603 /* heart_highlighted.png */ = {isa = PBXFileReference; lastKnownFileType = image.png; path = heart_highlighted.png; sourceTree = "<group>"; };
		986B561215E9219100BE9603 /* heart_highlighted@2x.png */ = {isa = PBXFileReference; lastKnownFileType = image.png; path = "heart_highlighted@2x.png"; sourceTree = "<group>"; };
		986B561315E9219100BE9603 /* heart.png */ = {isa = PBXFileReference; lastKnownFileType = image.png; path = heart.png; sourceTree = "<group>"; };
		986B561415E9219100BE9603 /* heart@2x.png */ = {isa = PBXFileReference; lastKnownFileType = image.png; path = "heart@2x.png"; sourceTree = "<group>"; };
		986B561515E9219100BE9603 /* home_highlighted.png */ = {isa = PBXFileReference; lastKnownFileType = image.png; path = home_highlighted.png; sourceTree = "<group>"; };
		986B561615E9219100BE9603 /* home_highlighted@2x.png */ = {isa = PBXFileReference; lastKnownFileType = image.png; path = "home_highlighted@2x.png"; sourceTree = "<group>"; };
		986B561715E9219100BE9603 /* home.png */ = {isa = PBXFileReference; lastKnownFileType = image.png; path = home.png; sourceTree = "<group>"; };
		986B561815E9219100BE9603 /* home@2x.png */ = {isa = PBXFileReference; lastKnownFileType = image.png; path = "home@2x.png"; sourceTree = "<group>"; };
		986B561915E9219100BE9603 /* selected_arrow.png */ = {isa = PBXFileReference; lastKnownFileType = image.png; path = selected_arrow.png; sourceTree = "<group>"; };
		986B561A15E9219100BE9603 /* selected_arrow@2x.png */ = {isa = PBXFileReference; lastKnownFileType = image.png; path = "selected_arrow@2x.png"; sourceTree = "<group>"; };
		986B566D15E9326900BE9603 /* RotatingSegue.h */ = {isa = PBXFileReference; fileEncoding = 4; lastKnownFileType = sourcecode.c.h; path = RotatingSegue.h; sourceTree = "<group>"; };
		986B566E15E9326900BE9603 /* RotatingSegue.m */ = {isa = PBXFileReference; fileEncoding = 4; lastKnownFileType = sourcecode.c.objc; path = RotatingSegue.m; sourceTree = "<group>"; };
		986B567015E932F900BE9603 /* QuartzCore.framework */ = {isa = PBXFileReference; lastKnownFileType = wrapper.framework; name = QuartzCore.framework; path = System/Library/Frameworks/QuartzCore.framework; sourceTree = SDKROOT; };
		986B56A915E9355400BE9603 /* MasterViewController.h */ = {isa = PBXFileReference; fileEncoding = 4; lastKnownFileType = sourcecode.c.h; path = MasterViewController.h; sourceTree = "<group>"; };
		986B56AA15E9355400BE9603 /* MasterViewController.m */ = {isa = PBXFileReference; fileEncoding = 4; lastKnownFileType = sourcecode.c.objc; path = MasterViewController.m; sourceTree = "<group>"; };
		986B56AB15E9355400BE9603 /* DetailViewController.h */ = {isa = PBXFileReference; fileEncoding = 4; lastKnownFileType = sourcecode.c.h; path = DetailViewController.h; sourceTree = "<group>"; };
		986B56AC15E9355400BE9603 /* DetailViewController.m */ = {isa = PBXFileReference; fileEncoding = 4; lastKnownFileType = sourcecode.c.objc; path = DetailViewController.m; sourceTree = "<group>"; };
		986B56B015E9364E00BE9603 /* Model.xcdatamodel */ = {isa = PBXFileReference; lastKnownFileType = wrapper.xcdatamodel; path = Model.xcdatamodel; sourceTree = "<group>"; };
		986B56B215E9367100BE9603 /* CoreData.framework */ = {isa = PBXFileReference; lastKnownFileType = wrapper.framework; name = CoreData.framework; path = System/Library/Frameworks/CoreData.framework; sourceTree = SDKROOT; };
		986B56B915E93FA800BE9603 /* LoginViewController.h */ = {isa = PBXFileReference; fileEncoding = 4; lastKnownFileType = sourcecode.c.h; path = LoginViewController.h; sourceTree = "<group>"; };
		986B56BA15E93FA800BE9603 /* LoginViewController.m */ = {isa = PBXFileReference; fileEncoding = 4; lastKnownFileType = sourcecode.c.objc; path = LoginViewController.m; sourceTree = "<group>"; };
		9873036515E95EC500B33989 /* profilepic-Matt.png */ = {isa = PBXFileReference; lastKnownFileType = image.png; name = "profilepic-Matt.png"; path = "Design/elements/profilepic-Matt.png"; sourceTree = SOURCE_ROOT; };
		9873036615E95EC500B33989 /* profilepic-Mike.png */ = {isa = PBXFileReference; lastKnownFileType = image.png; name = "profilepic-Mike.png"; path = "Design/elements/profilepic-Mike.png"; sourceTree = SOURCE_ROOT; };
		9873036A15E95ECE00B33989 /* signin-button.png */ = {isa = PBXFileReference; lastKnownFileType = image.png; name = "signin-button.png"; path = "Design/elements/signin-button.png"; sourceTree = SOURCE_ROOT; };
		9873036B15E95ECE00B33989 /* signin-button-pressed.png */ = {isa = PBXFileReference; lastKnownFileType = image.png; name = "signin-button-pressed.png"; path = "Design/elements/signin-button-pressed.png"; sourceTree = SOURCE_ROOT; };
		9873036D15E95ECE00B33989 /* dark-row.png */ = {isa = PBXFileReference; lastKnownFileType = image.png; name = "dark-row.png"; path = "Design/elements/dark-row.png"; sourceTree = SOURCE_ROOT; };
		9873036E15E95ECE00B33989 /* dark-row-pressed.png */ = {isa = PBXFileReference; lastKnownFileType = image.png; name = "dark-row-pressed.png"; path = "Design/elements/dark-row-pressed.png"; sourceTree = SOURCE_ROOT; };
		9873036F15E95ECE00B33989 /* barterbee-bg.png */ = {isa = PBXFileReference; lastKnownFileType = image.png; name = "barterbee-bg.png"; path = "Design/elements/barterbee-bg.png"; sourceTree = SOURCE_ROOT; };
		9873037015E95ECE00B33989 /* logo-small.png */ = {isa = PBXFileReference; lastKnownFileType = image.png; name = "logo-small.png"; path = "Design/elements/logo-small.png"; sourceTree = SOURCE_ROOT; };
		9873037115E95ECE00B33989 /* logo-large.png */ = {isa = PBXFileReference; lastKnownFileType = image.png; name = "logo-large.png"; path = "Design/elements/logo-large.png"; sourceTree = SOURCE_ROOT; };
/* End PBXFileReference section */

/* Begin PBXFrameworksBuildPhase section */
		2DA33D3615E9077A0031F9C0 /* Frameworks */ = {
			isa = PBXFrameworksBuildPhase;
			buildActionMask = 2147483647;
			files = (
				986B56B315E9367100BE9603 /* CoreData.framework in Frameworks */,
				986B567115E932F900BE9603 /* QuartzCore.framework in Frameworks */,
				2DA33D3E15E9077A0031F9C0 /* UIKit.framework in Frameworks */,
				2DA33D4015E9077A0031F9C0 /* Foundation.framework in Frameworks */,
				2DA33D4215E9077A0031F9C0 /* CoreGraphics.framework in Frameworks */,
			);
			runOnlyForDeploymentPostprocessing = 0;
		};
/* End PBXFrameworksBuildPhase section */

/* Begin PBXGroup section */
		2DA33D2E15E9077A0031F9C0 = {
			isa = PBXGroup;
			children = (
				986B56B215E9367100BE9603 /* CoreData.framework */,
				986B567015E932F900BE9603 /* QuartzCore.framework */,
				2DA33D4315E9077A0031F9C0 /* Team02 */,
				2DA33D3C15E9077A0031F9C0 /* Frameworks */,
				2DA33D3A15E9077A0031F9C0 /* Products */,
			);
			sourceTree = "<group>";
		};
		2DA33D3A15E9077A0031F9C0 /* Products */ = {
			isa = PBXGroup;
			children = (
				2DA33D3915E9077A0031F9C0 /* Team02.app */,
			);
			name = Products;
			sourceTree = "<group>";
		};
		2DA33D3C15E9077A0031F9C0 /* Frameworks */ = {
			isa = PBXGroup;
			children = (
				2DA33D3D15E9077A0031F9C0 /* UIKit.framework */,
				2DA33D3F15E9077A0031F9C0 /* Foundation.framework */,
				2DA33D4115E9077A0031F9C0 /* CoreGraphics.framework */,
			);
			name = Frameworks;
			sourceTree = "<group>";
		};
		2DA33D4315E9077A0031F9C0 /* Team02 */ = {
			isa = PBXGroup;
			children = (
				986B560415E920C800BE9603 /* Resources */,
				2DA33D4C15E9077A0031F9C0 /* AppDelegate.h */,
				2DA33D4D15E9077A0031F9C0 /* AppDelegate.m */,
				2DA33D4F15E9077A0031F9C0 /* MainStoryboard.storyboard */,
				2DA33D5215E9077A0031F9C0 /* ViewController.h */,
				2DA33D5315E9077A0031F9C0 /* ViewController.m */,
				2DA33D4415E9077A0031F9C0 /* Supporting Files */,
				986B560115E9162800BE9603 /* Storyboard_iPad.storyboard */,
				986B566D15E9326900BE9603 /* RotatingSegue.h */,
				986B566E15E9326900BE9603 /* RotatingSegue.m */,
				986B56A915E9355400BE9603 /* MasterViewController.h */,
				986B56AA15E9355400BE9603 /* MasterViewController.m */,
				986B56AB15E9355400BE9603 /* DetailViewController.h */,
				986B56AC15E9355400BE9603 /* DetailViewController.m */,
				986B56AF15E9364E00BE9603 /* Model.xcdatamodeld */,
				983043F115E94253001CAD00 /* Event.h */,
				983043F215E94253001CAD00 /* Event.m */,
				986B56B915E93FA800BE9603 /* LoginViewController.h */,
				986B56BA15E93FA800BE9603 /* LoginViewController.m */,
				983043F515E9448F001CAD00 /* LoggingInViewController.h */,
				983043F615E9448F001CAD00 /* LoggingInViewController.m */,
				9873036515E95EC500B33989 /* profilepic-Matt.png */,
				9873036A15E95ECE00B33989 /* signin-button.png */,
				9873036B15E95ECE00B33989 /* signin-button-pressed.png */,
				9873036D15E95ECE00B33989 /* dark-row.png */,
				9873036E15E95ECE00B33989 /* dark-row-pressed.png */,
				9873036F15E95ECE00B33989 /* barterbee-bg.png */,
				9873037015E95ECE00B33989 /* logo-small.png */,
				9873037115E95ECE00B33989 /* logo-large.png */,
				9873036615E95EC500B33989 /* profilepic-Mike.png */,
			);
			path = Team02;
			sourceTree = "<group>";
		};
		2DA33D4415E9077A0031F9C0 /* Supporting Files */ = {
			isa = PBXGroup;
			children = (
				2DA33D4515E9077A0031F9C0 /* Team02-Info.plist */,
				2DA33D4615E9077A0031F9C0 /* InfoPlist.strings */,
				2DA33D4915E9077A0031F9C0 /* main.m */,
				2DA33D4B15E9077A0031F9C0 /* Team02-Prefix.pch */,
			);
			name = "Supporting Files";
			sourceTree = "<group>";
		};
		986B560415E920C800BE9603 /* Resources */ = {
			isa = PBXGroup;
			children = (
				986B560515E9210100BE9603 /* background.png */,
				986B560615E9210100BE9603 /* background@2x.png */,
				986B560715E9210100BE9603 /* button_separator.png */,
				986B560815E9210100BE9603 /* button_separator@2x.png */,
				986B560D15E9219100BE9603 /* cogs_highlighted.png */,
				986B560E15E9219100BE9603 /* cogs_highlighted@2x.png */,
				986B560F15E9219100BE9603 /* cogs.png */,
				986B561015E9219100BE9603 /* cogs@2x.png */,
				986B561115E9219100BE9603 /* heart_highlighted.png */,
				986B561215E9219100BE9603 /* heart_highlighted@2x.png */,
				986B561315E9219100BE9603 /* heart.png */,
				986B561415E9219100BE9603 /* heart@2x.png */,
				986B561515E9219100BE9603 /* home_highlighted.png */,
				986B561615E9219100BE9603 /* home_highlighted@2x.png */,
				986B561715E9219100BE9603 /* home.png */,
				986B561815E9219100BE9603 /* home@2x.png */,
				986B561915E9219100BE9603 /* selected_arrow.png */,
				986B561A15E9219100BE9603 /* selected_arrow@2x.png */,
			);
			name = Resources;
			sourceTree = "<group>";
		};
/* End PBXGroup section */

/* Begin PBXNativeTarget section */
		2DA33D3815E9077A0031F9C0 /* Team02 */ = {
			isa = PBXNativeTarget;
			buildConfigurationList = 2DA33D5715E9077A0031F9C0 /* Build configuration list for PBXNativeTarget "Team02" */;
			buildPhases = (
				2DA33D3515E9077A0031F9C0 /* Sources */,
				2DA33D3615E9077A0031F9C0 /* Frameworks */,
				2DA33D3715E9077A0031F9C0 /* Resources */,
			);
			buildRules = (
			);
			dependencies = (
			);
			name = Team02;
			productName = Team02;
			productReference = 2DA33D3915E9077A0031F9C0 /* Team02.app */;
			productType = "com.apple.product-type.application";
		};
/* End PBXNativeTarget section */

/* Begin PBXProject section */
		2DA33D3015E9077A0031F9C0 /* Project object */ = {
			isa = PBXProject;
			attributes = {
				LastUpgradeCheck = 0440;
				ORGANIZATIONNAME = "League of Pantless Gentlemen";
			};
			buildConfigurationList = 2DA33D3315E9077A0031F9C0 /* Build configuration list for PBXProject "Team02" */;
			compatibilityVersion = "Xcode 3.2";
			developmentRegion = English;
			hasScannedForEncodings = 0;
			knownRegions = (
				en,
			);
			mainGroup = 2DA33D2E15E9077A0031F9C0;
			productRefGroup = 2DA33D3A15E9077A0031F9C0 /* Products */;
			projectDirPath = "";
			projectRoot = "";
			targets = (
				2DA33D3815E9077A0031F9C0 /* Team02 */,
			);
		};
/* End PBXProject section */

/* Begin PBXResourcesBuildPhase section */
		2DA33D3715E9077A0031F9C0 /* Resources */ = {
			isa = PBXResourcesBuildPhase;
			buildActionMask = 2147483647;
			files = (
				2DA33D4815E9077A0031F9C0 /* InfoPlist.strings in Resources */,
				2DA33D5115E9077A0031F9C0 /* MainStoryboard.storyboard in Resources */,
				986B560215E9162800BE9603 /* Storyboard_iPad.storyboard in Resources */,
				986B560915E9210100BE9603 /* background.png in Resources */,
				986B560A15E9210100BE9603 /* background@2x.png in Resources */,
				986B560B15E9210100BE9603 /* button_separator.png in Resources */,
				986B560C15E9210100BE9603 /* button_separator@2x.png in Resources */,
				986B561B15E9219100BE9603 /* cogs_highlighted.png in Resources */,
				986B561C15E9219100BE9603 /* cogs_highlighted@2x.png in Resources */,
				986B561D15E9219100BE9603 /* cogs.png in Resources */,
				986B561E15E9219100BE9603 /* cogs@2x.png in Resources */,
				986B561F15E9219100BE9603 /* heart_highlighted.png in Resources */,
				986B562015E9219100BE9603 /* heart_highlighted@2x.png in Resources */,
				986B562115E9219100BE9603 /* heart.png in Resources */,
				986B562215E9219100BE9603 /* heart@2x.png in Resources */,
				986B562315E9219100BE9603 /* home_highlighted.png in Resources */,
				986B562415E9219100BE9603 /* home_highlighted@2x.png in Resources */,
				986B562515E9219100BE9603 /* home.png in Resources */,
				986B562615E9219100BE9603 /* home@2x.png in Resources */,
				986B562715E9219100BE9603 /* selected_arrow.png in Resources */,
				986B562815E9219100BE9603 /* selected_arrow@2x.png in Resources */,
				9873036715E95EC500B33989 /* profilepic-Matt.png in Resources */,
				9873036815E95EC500B33989 /* profilepic-Mike.png in Resources */,
				9873037215E95ECE00B33989 /* signin-button.png in Resources */,
				9873037315E95ECE00B33989 /* signin-button-pressed.png in Resources */,
				9873037515E95ECE00B33989 /* dark-row.png in Resources */,
				9873037615E95ECE00B33989 /* dark-row-pressed.png in Resources */,
				9873037715E95ECE00B33989 /* barterbee-bg.png in Resources */,
				9873037815E95ECE00B33989 /* logo-small.png in Resources */,
				9873037915E95ECE00B33989 /* logo-large.png in Resources */,
			);
			runOnlyForDeploymentPostprocessing = 0;
		};
/* End PBXResourcesBuildPhase section */

/* Begin PBXSourcesBuildPhase section */
		2DA33D3515E9077A0031F9C0 /* Sources */ = {
			isa = PBXSourcesBuildPhase;
			buildActionMask = 2147483647;
			files = (
				2DA33D4A15E9077A0031F9C0 /* main.m in Sources */,
				2DA33D4E15E9077A0031F9C0 /* AppDelegate.m in Sources */,
				2DA33D5415E9077A0031F9C0 /* ViewController.m in Sources */,
				986B566F15E9326A00BE9603 /* RotatingSegue.m in Sources */,
				986B56AD15E9355500BE9603 /* MasterViewController.m in Sources */,
				986B56AE15E9355500BE9603 /* DetailViewController.m in Sources */,
				986B56B115E9364E00BE9603 /* Model.xcdatamodeld in Sources */,
				986B56BB15E93FA900BE9603 /* LoginViewController.m in Sources */,
				983043F315E94253001CAD00 /* Event.m in Sources */,
				983043F715E9448F001CAD00 /* LoggingInViewController.m in Sources */,
			);
			runOnlyForDeploymentPostprocessing = 0;
		};
/* End PBXSourcesBuildPhase section */

/* Begin PBXVariantGroup section */
		2DA33D4615E9077A0031F9C0 /* InfoPlist.strings */ = {
			isa = PBXVariantGroup;
			children = (
				2DA33D4715E9077A0031F9C0 /* en */,
			);
			name = InfoPlist.strings;
			sourceTree = "<group>";
		};
		2DA33D4F15E9077A0031F9C0 /* MainStoryboard.storyboard */ = {
			isa = PBXVariantGroup;
			children = (
				2DA33D5015E9077A0031F9C0 /* en */,
			);
			name = MainStoryboard.storyboard;
			sourceTree = "<group>";
		};
/* End PBXVariantGroup section */

/* Begin XCBuildConfiguration section */
		2DA33D5515E9077A0031F9C0 /* Debug */ = {
			isa = XCBuildConfiguration;
			buildSettings = {
				ALWAYS_SEARCH_USER_PATHS = NO;
				ARCHS = "$(ARCHS_STANDARD_32_BIT)";
				CLANG_CXX_LANGUAGE_STANDARD = "gnu++0x";
				CLANG_ENABLE_OBJC_ARC = YES;
				CLANG_WARN__DUPLICATE_METHOD_MATCH = YES;
				"CODE_SIGN_IDENTITY[sdk=iphoneos*]" = "iPhone Developer";
				COPY_PHASE_STRIP = NO;
				GCC_C_LANGUAGE_STANDARD = gnu99;
				GCC_DYNAMIC_NO_PIC = NO;
				GCC_OPTIMIZATION_LEVEL = 0;
				GCC_PREPROCESSOR_DEFINITIONS = (
					"DEBUG=1",
					"$(inherited)",
				);
				GCC_SYMBOLS_PRIVATE_EXTERN = NO;
				GCC_VERSION = com.apple.compilers.llvm.clang.1_0;
				GCC_WARN_ABOUT_RETURN_TYPE = YES;
				GCC_WARN_UNINITIALIZED_AUTOS = YES;
				GCC_WARN_UNUSED_VARIABLE = YES;
				IPHONEOS_DEPLOYMENT_TARGET = 5.1;
				SDKROOT = iphoneos;
			};
			name = Debug;
		};
		2DA33D5615E9077A0031F9C0 /* Release */ = {
			isa = XCBuildConfiguration;
			buildSettings = {
				ALWAYS_SEARCH_USER_PATHS = NO;
				ARCHS = "$(ARCHS_STANDARD_32_BIT)";
				CLANG_CXX_LANGUAGE_STANDARD = "gnu++0x";
				CLANG_ENABLE_OBJC_ARC = YES;
				CLANG_WARN__DUPLICATE_METHOD_MATCH = YES;
				"CODE_SIGN_IDENTITY[sdk=iphoneos*]" = "iPhone Developer";
				COPY_PHASE_STRIP = YES;
				GCC_C_LANGUAGE_STANDARD = gnu99;
				GCC_VERSION = com.apple.compilers.llvm.clang.1_0;
				GCC_WARN_ABOUT_RETURN_TYPE = YES;
				GCC_WARN_UNINITIALIZED_AUTOS = YES;
				GCC_WARN_UNUSED_VARIABLE = YES;
				IPHONEOS_DEPLOYMENT_TARGET = 5.1;
				OTHER_CFLAGS = "-DNS_BLOCK_ASSERTIONS=1";
				SDKROOT = iphoneos;
				VALIDATE_PRODUCT = YES;
			};
			name = Release;
		};
		2DA33D5815E9077A0031F9C0 /* Debug */ = {
			isa = XCBuildConfiguration;
			buildSettings = {
				GCC_PRECOMPILE_PREFIX_HEADER = YES;
				GCC_PREFIX_HEADER = "Team02/Team02-Prefix.pch";
				INFOPLIST_FILE = "Team02/Team02-Info.plist";
				IPHONEOS_DEPLOYMENT_TARGET = 5.1;
				PRODUCT_NAME = "$(TARGET_NAME)";
				TARGETED_DEVICE_FAMILY = "1,2";
				WRAPPER_EXTENSION = app;
			};
			name = Debug;
		};
		2DA33D5915E9077A0031F9C0 /* Release */ = {
			isa = XCBuildConfiguration;
			buildSettings = {
				GCC_PRECOMPILE_PREFIX_HEADER = YES;
				GCC_PREFIX_HEADER = "Team02/Team02-Prefix.pch";
				INFOPLIST_FILE = "Team02/Team02-Info.plist";
				IPHONEOS_DEPLOYMENT_TARGET = 5.1;
				PRODUCT_NAME = "$(TARGET_NAME)";
				TARGETED_DEVICE_FAMILY = "1,2";
				WRAPPER_EXTENSION = app;
			};
			name = Release;
		};
/* End XCBuildConfiguration section */

/* Begin XCConfigurationList section */
		2DA33D3315E9077A0031F9C0 /* Build configuration list for PBXProject "Team02" */ = {
			isa = XCConfigurationList;
			buildConfigurations = (
				2DA33D5515E9077A0031F9C0 /* Debug */,
				2DA33D5615E9077A0031F9C0 /* Release */,
			);
			defaultConfigurationIsVisible = 0;
			defaultConfigurationName = Release;
		};
		2DA33D5715E9077A0031F9C0 /* Build configuration list for PBXNativeTarget "Team02" */ = {
			isa = XCConfigurationList;
			buildConfigurations = (
				2DA33D5815E9077A0031F9C0 /* Debug */,
				2DA33D5915E9077A0031F9C0 /* Release */,
			);
			defaultConfigurationIsVisible = 0;
			defaultConfigurationName = Release;
		};
/* End XCConfigurationList section */

/* Begin XCVersionGroup section */
		986B56AF15E9364E00BE9603 /* Model.xcdatamodeld */ = {
			isa = XCVersionGroup;
			children = (
				986B56B015E9364E00BE9603 /* Model.xcdatamodel */,
			);
			currentVersion = 986B56B015E9364E00BE9603 /* Model.xcdatamodel */;
			path = Model.xcdatamodeld;
			sourceTree = "<group>";
			versionGroupType = wrapper.xcdatamodel;
		};
/* End XCVersionGroup section */
	};
	rootObject = 2DA33D3015E9077A0031F9C0 /* Project object */;
}
