// !$*UTF8*$!
{
	archiveVersion = 1;
	classes = {
	};
	objectVersion = 46;
	objects = {

/* Begin PBXBuildFile section */
		2D72229815E919EC0046E29C /* MapKit.framework in Frameworks */ = {isa = PBXBuildFile; fileRef = 2D72229715E919EC0046E29C /* MapKit.framework */; };
		2DA33D3E15E9077A0031F9C0 /* UIKit.framework in Frameworks */ = {isa = PBXBuildFile; fileRef = 2DA33D3D15E9077A0031F9C0 /* UIKit.framework */; };
		2DA33D4015E9077A0031F9C0 /* Foundation.framework in Frameworks */ = {isa = PBXBuildFile; fileRef = 2DA33D3F15E9077A0031F9C0 /* Foundation.framework */; };
		2DA33D4215E9077A0031F9C0 /* CoreGraphics.framework in Frameworks */ = {isa = PBXBuildFile; fileRef = 2DA33D4115E9077A0031F9C0 /* CoreGraphics.framework */; };
		2DA33D4815E9077A0031F9C0 /* InfoPlist.strings in Resources */ = {isa = PBXBuildFile; fileRef = 2DA33D4615E9077A0031F9C0 /* InfoPlist.strings */; };
		2DA33D4A15E9077A0031F9C0 /* main.m in Sources */ = {isa = PBXBuildFile; fileRef = 2DA33D4915E9077A0031F9C0 /* main.m */; };
		2DA33D4E15E9077A0031F9C0 /* AppDelegate.m in Sources */ = {isa = PBXBuildFile; fileRef = 2DA33D4D15E9077A0031F9C0 /* AppDelegate.m */; };
		2DA33D5115E9077A0031F9C0 /* MainStoryboard.storyboard in Resources */ = {isa = PBXBuildFile; fileRef = 2DA33D4F15E9077A0031F9C0 /* MainStoryboard.storyboard */; };
		2DA33D5415E9077A0031F9C0 /* ViewController.m in Sources */ = {isa = PBXBuildFile; fileRef = 2DA33D5315E9077A0031F9C0 /* ViewController.m */; };
		986B560215E9162800BE9603 /* Storyboard_iPad.storyboard in Resources */ = {isa = PBXBuildFile; fileRef = 986B560115E9162800BE9603 /* Storyboard_iPad.storyboard */; };
/* End PBXBuildFile section */

/* Begin PBXFileReference section */
		2D72229715E919EC0046E29C /* MapKit.framework */ = {isa = PBXFileReference; lastKnownFileType = wrapper.framework; name = MapKit.framework; path = System/Library/Frameworks/MapKit.framework; sourceTree = SDKROOT; };
		2DA33D3915E9077A0031F9C0 /* Team02.app */ = {isa = PBXFileReference; explicitFileType = wrapper.application; includeInIndex = 0; path = Team02.app; sourceTree = BUILT_PRODUCTS_DIR; };
		2DA33D3D15E9077A0031F9C0 /* UIKit.framework */ = {isa = PBXFileReference; lastKnownFileType = wrapper.framework; name = UIKit.framework; path = System/Library/Frameworks/UIKit.framework; sourceTree = SDKROOT; };
		2DA33D3F15E9077A0031F9C0 /* Foundation.framework */ = {isa = PBXFileReference; lastKnownFileType = wrapper.framework; name = Foundation.framework; path = System/Library/Frameworks/Foundation.framework; sourceTree = SDKROOT; };
		2DA33D4115E9077A0031F9C0 /* CoreGraphics.framework */ = {isa = PBXFileReference; lastKnownFileType = wrapper.framework; name = CoreGraphics.framework; path = System/Library/Frameworks/CoreGraphics.framework; sourceTree = SDKROOT; };
		2DA33D4515E9077A0031F9C0 /* Team02-Info.plist */ = {isa = PBXFileReference; lastKnownFileType = text.plist.xml; path = "Team02-Info.plist"; sourceTree = "<group>"; };
		2DA33D4715E9077A0031F9C0 /* en */ = {isa = PBXFileReference; lastKnownFileType = text.plist.strings; name = en; path = en.lproj/InfoPlist.strings; sourceTree = "<group>"; };
		2DA33D4915E9077A0031F9C0 /* main.m */ = {isa = PBXFileReference; lastKnownFileType = sourcecode.c.objc; path = main.m; sourceTree = "<group>"; };
		2DA33D4B15E9077A0031F9C0 /* Team02-Prefix.pch */ = {isa = PBXFileReference; lastKnownFileType = sourcecode.c.h; path = "Team02-Prefix.pch"; sourceTree = "<group>"; };
		2DA33D4C15E9077A0031F9C0 /* AppDelegate.h */ = {isa = PBXFileReference; lastKnownFileType = sourcecode.c.h; path = AppDelegate.h; sourceTree = "<group>"; };
		2DA33D4D15E9077A0031F9C0 /* AppDelegate.m */ = {isa = PBXFileReference; lastKnownFileType = sourcecode.c.objc; path = AppDelegate.m; sourceTree = "<group>"; };
		2DA33D5015E9077A0031F9C0 /* en */ = {isa = PBXFileReference; lastKnownFileType = file.storyboard; name = en; path = en.lproj/MainStoryboard.storyboard; sourceTree = "<group>"; };
		2DA33D5215E9077A0031F9C0 /* ViewController.h */ = {isa = PBXFileReference; lastKnownFileType = sourcecode.c.h; path = ViewController.h; sourceTree = "<group>"; };
		2DA33D5315E9077A0031F9C0 /* ViewController.m */ = {isa = PBXFileReference; lastKnownFileType = sourcecode.c.objc; path = ViewController.m; sourceTree = "<group>"; };
		986B560115E9162800BE9603 /* Storyboard_iPad.storyboard */ = {isa = PBXFileReference; fileEncoding = 4; lastKnownFileType = file.storyboard; path = Storyboard_iPad.storyboard; sourceTree = "<group>"; };
/* End PBXFileReference section */

/* Begin PBXFrameworksBuildPhase section */
		2DA33D3615E9077A0031F9C0 /* Frameworks */ = {
			isa = PBXFrameworksBuildPhase;
			buildActionMask = 2147483647;
			files = (
				2D72229815E919EC0046E29C /* MapKit.framework in Frameworks */,
				2DA33D3E15E9077A0031F9C0 /* UIKit.framework in Frameworks */,
				2DA33D4015E9077A0031F9C0 /* Foundation.framework in Frameworks */,
				2DA33D4215E9077A0031F9C0 /* CoreGraphics.framework in Frameworks */,
			);
			runOnlyForDeploymentPostprocessing = 0;
		};
/* End PBXFrameworksBuildPhase section */

/* Begin PBXGroup section */
		2D7222A015E91A4B0046E29C /* service */ = {
			isa = PBXGroup;
			children = (
			);
			name = service;
			sourceTree = "<group>";
		};
		2DA33D2E15E9077A0031F9C0 = {
			isa = PBXGroup;
			children = (
				2D72229715E919EC0046E29C /* MapKit.framework */,
				2DA33D4315E9077A0031F9C0 /* Team02 */,
				2DA33D3C15E9077A0031F9C0 /* Frameworks */,
				2DA33D3A15E9077A0031F9C0 /* Products */,
			);
			sourceTree = "<group>";
		};
		2DA33D3A15E9077A0031F9C0 /* Products */ = {
			isa = PBXGroup;
			children = (
				2DA33D3915E9077A0031F9C0 /* Team02.app */,
			);
			name = Products;
			sourceTree = "<group>";
		};
		2DA33D3C15E9077A0031F9C0 /* Frameworks */ = {
			isa = PBXGroup;
			children = (
				2DA33D3D15E9077A0031F9C0 /* UIKit.framework */,
				2DA33D3F15E9077A0031F9C0 /* Foundation.framework */,
				2DA33D4115E9077A0031F9C0 /* CoreGraphics.framework */,
			);
			name = Frameworks;
			sourceTree = "<group>";
		};
		2DA33D4315E9077A0031F9C0 /* Team02 */ = {
			isa = PBXGroup;
			children = (
				2D7222A015E91A4B0046E29C /* service */,
				2DA33D4C15E9077A0031F9C0 /* AppDelegate.h */,
				2DA33D4D15E9077A0031F9C0 /* AppDelegate.m */,
				2DA33D4F15E9077A0031F9C0 /* MainStoryboard.storyboard */,
				2DA33D5215E9077A0031F9C0 /* ViewController.h */,
				2DA33D5315E9077A0031F9C0 /* ViewController.m */,
				2DA33D4415E9077A0031F9C0 /* Supporting Files */,
				986B560115E9162800BE9603 /* Storyboard_iPad.storyboard */,
			);
			path = Team02;
			sourceTree = "<group>";
		};
		2DA33D4415E9077A0031F9C0 /* Supporting Files */ = {
			isa = PBXGroup;
			children = (
				2DA33D4515E9077A0031F9C0 /* Team02-Info.plist */,
				2DA33D4615E9077A0031F9C0 /* InfoPlist.strings */,
				2DA33D4915E9077A0031F9C0 /* main.m */,
				2DA33D4B15E9077A0031F9C0 /* Team02-Prefix.pch */,
			);
			name = "Supporting Files";
			sourceTree = "<group>";
		};
/* End PBXGroup section */

/* Begin PBXNativeTarget section */
		2DA33D3815E9077A0031F9C0 /* Team02 */ = {
			isa = PBXNativeTarget;
			buildConfigurationList = 2DA33D5715E9077A0031F9C0 /* Build configuration list for PBXNativeTarget "Team02" */;
			buildPhases = (
				2DA33D3515E9077A0031F9C0 /* Sources */,
				2DA33D3615E9077A0031F9C0 /* Frameworks */,
				2DA33D3715E9077A0031F9C0 /* Resources */,
			);
			buildRules = (
			);
			dependencies = (
			);
			name = Team02;
			productName = Team02;
			productReference = 2DA33D3915E9077A0031F9C0 /* Team02.app */;
			productType = "com.apple.product-type.application";
		};
/* End PBXNativeTarget section */

/* Begin PBXProject section */
		2DA33D3015E9077A0031F9C0 /* Project object */ = {
			isa = PBXProject;
			attributes = {
				LastUpgradeCheck = 0440;
				ORGANIZATIONNAME = "League of Pantless Gentlemen";
			};
			buildConfigurationList = 2DA33D3315E9077A0031F9C0 /* Build configuration list for PBXProject "Team02" */;
			compatibilityVersion = "Xcode 3.2";
			developmentRegion = English;
			hasScannedForEncodings = 0;
			knownRegions = (
				en,
			);
			mainGroup = 2DA33D2E15E9077A0031F9C0;
			productRefGroup = 2DA33D3A15E9077A0031F9C0 /* Products */;
			projectDirPath = "";
			projectRoot = "";
			targets = (
				2DA33D3815E9077A0031F9C0 /* Team02 */,
			);
		};
/* End PBXProject section */

/* Begin PBXResourcesBuildPhase section */
		2DA33D3715E9077A0031F9C0 /* Resources */ = {
			isa = PBXResourcesBuildPhase;
			buildActionMask = 2147483647;
			files = (
				2DA33D4815E9077A0031F9C0 /* InfoPlist.strings in Resources */,
				2DA33D5115E9077A0031F9C0 /* MainStoryboard.storyboard in Resources */,
				986B560215E9162800BE9603 /* Storyboard_iPad.storyboard in Resources */,
			);
			runOnlyForDeploymentPostprocessing = 0;
		};
/* End PBXResourcesBuildPhase section */

/* Begin PBXSourcesBuildPhase section */
		2DA33D3515E9077A0031F9C0 /* Sources */ = {
			isa = PBXSourcesBuildPhase;
			buildActionMask = 2147483647;
			files = (
				2DA33D4A15E9077A0031F9C0 /* main.m in Sources */,
				2DA33D4E15E9077A0031F9C0 /* AppDelegate.m in Sources */,
				2DA33D5415E9077A0031F9C0 /* ViewController.m in Sources */,
			);
			runOnlyForDeploymentPostprocessing = 0;
		};
/* End PBXSourcesBuildPhase section */

/* Begin PBXVariantGroup section */
		2DA33D4615E9077A0031F9C0 /* InfoPlist.strings */ = {
			isa = PBXVariantGroup;
			children = (
				2DA33D4715E9077A0031F9C0 /* en */,
			);
			name = InfoPlist.strings;
			sourceTree = "<group>";
		};
		2DA33D4F15E9077A0031F9C0 /* MainStoryboard.storyboard */ = {
			isa = PBXVariantGroup;
			children = (
				2DA33D5015E9077A0031F9C0 /* en */,
			);
			name = MainStoryboard.storyboard;
			sourceTree = "<group>";
		};
/* End PBXVariantGroup section */

/* Begin XCBuildConfiguration section */
		2DA33D5515E9077A0031F9C0 /* Debug */ = {
			isa = XCBuildConfiguration;
			buildSettings = {
				ALWAYS_SEARCH_USER_PATHS = NO;
				ARCHS = "$(ARCHS_STANDARD_32_BIT)";
				CLANG_CXX_LANGUAGE_STANDARD = "gnu++0x";
				CLANG_ENABLE_OBJC_ARC = YES;
				CLANG_WARN__DUPLICATE_METHOD_MATCH = YES;
				"CODE_SIGN_IDENTITY[sdk=iphoneos*]" = "iPhone Developer";
				COPY_PHASE_STRIP = NO;
				GCC_C_LANGUAGE_STANDARD = gnu99;
				GCC_DYNAMIC_NO_PIC = NO;
				GCC_OPTIMIZATION_LEVEL = 0;
				GCC_PREPROCESSOR_DEFINITIONS = (
					"DEBUG=1",
					"$(inherited)",
				);
				GCC_SYMBOLS_PRIVATE_EXTERN = NO;
				GCC_VERSION = com.apple.compilers.llvm.clang.1_0;
				GCC_WARN_ABOUT_RETURN_TYPE = YES;
				GCC_WARN_UNINITIALIZED_AUTOS = YES;
				GCC_WARN_UNUSED_VARIABLE = YES;
				IPHONEOS_DEPLOYMENT_TARGET = 5.1;
				SDKROOT = iphoneos;
			};
			name = Debug;
		};
		2DA33D5615E9077A0031F9C0 /* Release */ = {
			isa = XCBuildConfiguration;
			buildSettings = {
				ALWAYS_SEARCH_USER_PATHS = NO;
				ARCHS = "$(ARCHS_STANDARD_32_BIT)";
				CLANG_CXX_LANGUAGE_STANDARD = "gnu++0x";
				CLANG_ENABLE_OBJC_ARC = YES;
				CLANG_WARN__DUPLICATE_METHOD_MATCH = YES;
				"CODE_SIGN_IDENTITY[sdk=iphoneos*]" = "iPhone Developer";
				COPY_PHASE_STRIP = YES;
				GCC_C_LANGUAGE_STANDARD = gnu99;
				GCC_VERSION = com.apple.compilers.llvm.clang.1_0;
				GCC_WARN_ABOUT_RETURN_TYPE = YES;
				GCC_WARN_UNINITIALIZED_AUTOS = YES;
				GCC_WARN_UNUSED_VARIABLE = YES;
				IPHONEOS_DEPLOYMENT_TARGET = 5.1;
				OTHER_CFLAGS = "-DNS_BLOCK_ASSERTIONS=1";
				SDKROOT = iphoneos;
				VALIDATE_PRODUCT = YES;
			};
			name = Release;
		};
		2DA33D5815E9077A0031F9C0 /* Debug */ = {
			isa = XCBuildConfiguration;
			buildSettings = {
				GCC_PRECOMPILE_PREFIX_HEADER = YES;
				GCC_PREFIX_HEADER = "Team02/Team02-Prefix.pch";
				INFOPLIST_FILE = "Team02/Team02-Info.plist";
				IPHONEOS_DEPLOYMENT_TARGET = 5.1;
				PRODUCT_NAME = "$(TARGET_NAME)";
				TARGETED_DEVICE_FAMILY = "1,2";
				WRAPPER_EXTENSION = app;
			};
			name = Debug;
		};
		2DA33D5915E9077A0031F9C0 /* Release */ = {
			isa = XCBuildConfiguration;
			buildSettings = {
				GCC_PRECOMPILE_PREFIX_HEADER = YES;
				GCC_PREFIX_HEADER = "Team02/Team02-Prefix.pch";
				INFOPLIST_FILE = "Team02/Team02-Info.plist";
				IPHONEOS_DEPLOYMENT_TARGET = 5.1;
				PRODUCT_NAME = "$(TARGET_NAME)";
				TARGETED_DEVICE_FAMILY = "1,2";
				WRAPPER_EXTENSION = app;
			};
			name = Release;
		};
/* End XCBuildConfiguration section */

/* Begin XCConfigurationList section */
		2DA33D3315E9077A0031F9C0 /* Build configuration list for PBXProject "Team02" */ = {
			isa = XCConfigurationList;
			buildConfigurations = (
				2DA33D5515E9077A0031F9C0 /* Debug */,
				2DA33D5615E9077A0031F9C0 /* Release */,
			);
			defaultConfigurationIsVisible = 0;
			defaultConfigurationName = Release;
		};
		2DA33D5715E9077A0031F9C0 /* Build configuration list for PBXNativeTarget "Team02" */ = {
			isa = XCConfigurationList;
			buildConfigurations = (
				2DA33D5815E9077A0031F9C0 /* Debug */,
				2DA33D5915E9077A0031F9C0 /* Release */,
			);
			defaultConfigurationIsVisible = 0;
			defaultConfigurationName = Release;
		};
/* End XCConfigurationList section */
	};
	rootObject = 2DA33D3015E9077A0031F9C0 /* Project object */;
}
